
Microsoft Visual Studio Solution File, Format Version 12.00
# Visual Studio Version 17
VisualStudioVersion = 17.5.33530.505
MinimumVisualStudioVersion = 10.0.40219.1
Project("{FAE04EC0-301F-11D3-BF4B-00C04F79EFBC}") = "PkemonReviewApp", "PkemonReviewApp\PkemonReviewApp.csproj", "{9CEA8E4E-C409-4E8A-A96A-DC5026EF0533}"
EndProject
Global
	GlobalSection(SolutionConfigurationPlatforms) = preSolution
		Debug|Any CPU = Debug|Any CPU
		Release|Any CPU = Release|Any CPU
	EndGlobalSection
	GlobalSection(ProjectConfigurationPlatforms) = postSolution
		{9CEA8E4E-C409-4E8A-A96A-DC5026EF0533}.Debug|Any CPU.ActiveCfg = Debug|Any CPU
		{9CEA8E4E-C409-4E8A-A96A-DC5026EF0533}.Debug|Any CPU.Build.0 = Debug|Any CPU
		{9CEA8E4E-C409-4E8A-A96A-DC5026EF0533}.Release|Any CPU.ActiveCfg = Release|Any CPU
		{9CEA8E4E-C409-4E8A-A96A-DC5026EF0533}.Release|Any CPU.Build.0 = Release|Any CPU
	EndGlobalSection
	GlobalSection(SolutionProperties) = preSolution
		HideSolutionNode = FALSE
	EndGlobalSection
	GlobalSection(ExtensibilityGlobals) = postSolution
		SolutionGuid = {EF63F038-D220-46F9-8FBB-3B87787BA6F9}
	EndGlobalSection
EndGlobal
